
Microsoft Visual Studio Solution File, Format Version 12.00
# Visual Studio Version 17
VisualStudioVersion = 17.7.34221.43
MinimumVisualStudioVersion = 10.0.40219.1
Project("{FAE04EC0-301F-11D3-BF4B-00C04F79EFBC}") = "MiniGames", "MiniGames\MiniGames.csproj", "{0D8C7FDE-C989-4648-818A-929C74AAFB1C}"
EndProject
Global
	GlobalSection(SolutionConfigurationPlatforms) = preSolution
		Debug|Any CPU = Debug|Any CPU
		Release|Any CPU = Release|Any CPU
	EndGlobalSection
	GlobalSection(ProjectConfigurationPlatforms) = postSolution
		{0D8C7FDE-C989-4648-818A-929C74AAFB1C}.Debug|Any CPU.ActiveCfg = Debug|Any CPU
		{0D8C7FDE-C989-4648-818A-929C74AAFB1C}.Debug|Any CPU.Build.0 = Debug|Any CPU
		{0D8C7FDE-C989-4648-818A-929C74AAFB1C}.Release|Any CPU.ActiveCfg = Release|Any CPU
		{0D8C7FDE-C989-4648-818A-929C74AAFB1C}.Release|Any CPU.Build.0 = Release|Any CPU
	EndGlobalSection
	GlobalSection(SolutionProperties) = preSolution
		HideSolutionNode = FALSE
	EndGlobalSection
	GlobalSection(ExtensibilityGlobals) = postSolution
		SolutionGuid = {D050718C-745B-4426-B578-D58CC923B3A6}
	EndGlobalSection
EndGlobal
